// !$*UTF8*$!
{
	archiveVersion = 1;
	classes = {
	};
	objectVersion = 56;
	objects = {

/* Begin PBXBuildFile section */
		1094A1802BB0AC1400C6A160 /* YouTubeiOSPlayerHelper in Frameworks */ = {isa = PBXBuildFile; productRef = 1094A17F2BB0AC1400C6A160 /* YouTubeiOSPlayerHelper */; };
		109757CD2BB82EC500F3C5D1 /* FavoriteManager.swift in Sources */ = {isa = PBXBuildFile; fileRef = 109757CC2BB82EC500F3C5D1 /* FavoriteManager.swift */; };
		109757CF2BB831B200F3C5D1 /* FavoriteViewModel.swift in Sources */ = {isa = PBXBuildFile; fileRef = 109757CE2BB831B200F3C5D1 /* FavoriteViewModel.swift */; };
		10988E6A2BAC9A4A00556F5F /* DetailsViewController.swift in Sources */ = {isa = PBXBuildFile; fileRef = 10988E692BAC9A4A00556F5F /* DetailsViewController.swift */; };
		10988E702BAC9DD900556F5F /* DetailsViewModel.swift in Sources */ = {isa = PBXBuildFile; fileRef = 10988E6F2BAC9DD900556F5F /* DetailsViewModel.swift */; };
		109A91CA2BAA0D2B0041303C /* SearchTableViewCell.swift in Sources */ = {isa = PBXBuildFile; fileRef = 109A91C82BAA0D2B0041303C /* SearchTableViewCell.swift */; };
		109A91CB2BAA0D2B0041303C /* SearchTableViewCell.xib in Resources */ = {isa = PBXBuildFile; fileRef = 109A91C92BAA0D2B0041303C /* SearchTableViewCell.xib */; };
		109C21822BA8AA340087FDBE /* AppDelegate.swift in Sources */ = {isa = PBXBuildFile; fileRef = 109C21812BA8AA340087FDBE /* AppDelegate.swift */; };
		109C21842BA8AA340087FDBE /* SceneDelegate.swift in Sources */ = {isa = PBXBuildFile; fileRef = 109C21832BA8AA340087FDBE /* SceneDelegate.swift */; };
		109C21862BA8AA340087FDBE /* SearchViewController.swift in Sources */ = {isa = PBXBuildFile; fileRef = 109C21852BA8AA340087FDBE /* SearchViewController.swift */; };
		109C21892BA8AA340087FDBE /* Main.storyboard in Resources */ = {isa = PBXBuildFile; fileRef = 109C21872BA8AA340087FDBE /* Main.storyboard */; };
		109C218B2BA8AA370087FDBE /* Assets.xcassets in Resources */ = {isa = PBXBuildFile; fileRef = 109C218A2BA8AA370087FDBE /* Assets.xcassets */; };
		109C218E2BA8AA370087FDBE /* LaunchScreen.storyboard in Resources */ = {isa = PBXBuildFile; fileRef = 109C218C2BA8AA370087FDBE /* LaunchScreen.storyboard */; };
		109C21972BA8AA9E0087FDBE /* Model.swift in Sources */ = {isa = PBXBuildFile; fileRef = 109C21962BA8AA9E0087FDBE /* Model.swift */; };
		109C219A2BA8ADAA0087FDBE /* WebService.swift in Sources */ = {isa = PBXBuildFile; fileRef = 109C21992BA8ADAA0087FDBE /* WebService.swift */; };
		109C219D2BA8AFB50087FDBE /* SearchViewModel.swift in Sources */ = {isa = PBXBuildFile; fileRef = 109C219C2BA8AFB50087FDBE /* SearchViewModel.swift */; };
		109C219F2BA8B8C70087FDBE /* ImageDownload.swift in Sources */ = {isa = PBXBuildFile; fileRef = 109C219E2BA8B8C70087FDBE /* ImageDownload.swift */; };
		109C21A22BA8BB350087FDBE /* Kingfisher in Frameworks */ = {isa = PBXBuildFile; productRef = 109C21A12BA8BB350087FDBE /* Kingfisher */; };
		10F7F7942BB83FC400C395B8 /* FavoriteCollectionViewCell.swift in Sources */ = {isa = PBXBuildFile; fileRef = 10F7F7922BB83FC400C395B8 /* FavoriteCollectionViewCell.swift */; };
		10F7F7952BB83FC400C395B8 /* FavoriteCollectionViewCell.xib in Resources */ = {isa = PBXBuildFile; fileRef = 10F7F7932BB83FC400C395B8 /* FavoriteCollectionViewCell.xib */; };
		10F7F7972BB840C500C395B8 /* FavoriteViewController.swift in Sources */ = {isa = PBXBuildFile; fileRef = 10F7F7962BB840C500C395B8 /* FavoriteViewController.swift */; };
/* End PBXBuildFile section */

/* Begin PBXFileReference section */
		109757CC2BB82EC500F3C5D1 /* FavoriteManager.swift */ = {isa = PBXFileReference; lastKnownFileType = sourcecode.swift; path = FavoriteManager.swift; sourceTree = "<group>"; };
		109757CE2BB831B200F3C5D1 /* FavoriteViewModel.swift */ = {isa = PBXFileReference; lastKnownFileType = sourcecode.swift; path = FavoriteViewModel.swift; sourceTree = "<group>"; };
		10988E692BAC9A4A00556F5F /* DetailsViewController.swift */ = {isa = PBXFileReference; lastKnownFileType = sourcecode.swift; path = DetailsViewController.swift; sourceTree = "<group>"; };
		10988E6F2BAC9DD900556F5F /* DetailsViewModel.swift */ = {isa = PBXFileReference; lastKnownFileType = sourcecode.swift; path = DetailsViewModel.swift; sourceTree = "<group>"; };
		109A91C82BAA0D2B0041303C /* SearchTableViewCell.swift */ = {isa = PBXFileReference; lastKnownFileType = sourcecode.swift; path = SearchTableViewCell.swift; sourceTree = "<group>"; };
		109A91C92BAA0D2B0041303C /* SearchTableViewCell.xib */ = {isa = PBXFileReference; lastKnownFileType = file.xib; path = SearchTableViewCell.xib; sourceTree = "<group>"; };
		109C217E2BA8AA340087FDBE /* MealApp.app */ = {isa = PBXFileReference; explicitFileType = wrapper.application; includeInIndex = 0; path = MealApp.app; sourceTree = BUILT_PRODUCTS_DIR; };
		109C21812BA8AA340087FDBE /* AppDelegate.swift */ = {isa = PBXFileReference; lastKnownFileType = sourcecode.swift; path = AppDelegate.swift; sourceTree = "<group>"; };
		109C21832BA8AA340087FDBE /* SceneDelegate.swift */ = {isa = PBXFileReference; lastKnownFileType = sourcecode.swift; path = SceneDelegate.swift; sourceTree = "<group>"; };
		109C21852BA8AA340087FDBE /* SearchViewController.swift */ = {isa = PBXFileReference; lastKnownFileType = sourcecode.swift; path = SearchViewController.swift; sourceTree = "<group>"; };
		109C21882BA8AA340087FDBE /* Base */ = {isa = PBXFileReference; lastKnownFileType = file.storyboard; name = Base; path = Base.lproj/Main.storyboard; sourceTree = "<group>"; };
		109C218A2BA8AA370087FDBE /* Assets.xcassets */ = {isa = PBXFileReference; lastKnownFileType = folder.assetcatalog; path = Assets.xcassets; sourceTree = "<group>"; };
		109C218D2BA8AA370087FDBE /* Base */ = {isa = PBXFileReference; lastKnownFileType = file.storyboard; name = Base; path = Base.lproj/LaunchScreen.storyboard; sourceTree = "<group>"; };
		109C218F2BA8AA370087FDBE /* Info.plist */ = {isa = PBXFileReference; lastKnownFileType = text.plist.xml; path = Info.plist; sourceTree = "<group>"; };
		109C21962BA8AA9E0087FDBE /* Model.swift */ = {isa = PBXFileReference; lastKnownFileType = sourcecode.swift; path = Model.swift; sourceTree = "<group>"; };
		109C21992BA8ADAA0087FDBE /* WebService.swift */ = {isa = PBXFileReference; lastKnownFileType = sourcecode.swift; path = WebService.swift; sourceTree = "<group>"; };
		109C219C2BA8AFB50087FDBE /* SearchViewModel.swift */ = {isa = PBXFileReference; lastKnownFileType = sourcecode.swift; path = SearchViewModel.swift; sourceTree = "<group>"; };
		109C219E2BA8B8C70087FDBE /* ImageDownload.swift */ = {isa = PBXFileReference; lastKnownFileType = sourcecode.swift; path = ImageDownload.swift; sourceTree = "<group>"; };
		10F7F7922BB83FC400C395B8 /* FavoriteCollectionViewCell.swift */ = {isa = PBXFileReference; lastKnownFileType = sourcecode.swift; path = FavoriteCollectionViewCell.swift; sourceTree = "<group>"; };
		10F7F7932BB83FC400C395B8 /* FavoriteCollectionViewCell.xib */ = {isa = PBXFileReference; lastKnownFileType = file.xib; path = FavoriteCollectionViewCell.xib; sourceTree = "<group>"; };
		10F7F7962BB840C500C395B8 /* FavoriteViewController.swift */ = {isa = PBXFileReference; lastKnownFileType = sourcecode.swift; path = FavoriteViewController.swift; sourceTree = "<group>"; };
/* End PBXFileReference section */

/* Begin PBXFrameworksBuildPhase section */
		109C217B2BA8AA340087FDBE /* Frameworks */ = {
			isa = PBXFrameworksBuildPhase;
			buildActionMask = 2147483647;
			files = (
				109C21A22BA8BB350087FDBE /* Kingfisher in Frameworks */,
				1094A1802BB0AC1400C6A160 /* YouTubeiOSPlayerHelper in Frameworks */,
			);
			runOnlyForDeploymentPostprocessing = 0;
		};
/* End PBXFrameworksBuildPhase section */

/* Begin PBXGroup section */
		109757CB2BB82E7300F3C5D1 /* Favorite */ = {
			isa = PBXGroup;
			children = (
				10F7F7962BB840C500C395B8 /* FavoriteViewController.swift */,
				109757CC2BB82EC500F3C5D1 /* FavoriteManager.swift */,
				109757CE2BB831B200F3C5D1 /* FavoriteViewModel.swift */,
				10F7F7912BB83F8300C395B8 /* Cells */,
			);
			path = Favorite;
			sourceTree = "<group>";
		};
		10988E682BAC985800556F5F /* Details */ = {
			isa = PBXGroup;
			children = (
				10988E692BAC9A4A00556F5F /* DetailsViewController.swift */,
				10988E6F2BAC9DD900556F5F /* DetailsViewModel.swift */,
			);
			path = Details;
			sourceTree = "<group>";
		};
		109A91CC2BAA26920041303C /* Cell */ = {
			isa = PBXGroup;
			children = (
				109A91C92BAA0D2B0041303C /* SearchTableViewCell.xib */,
				109A91C82BAA0D2B0041303C /* SearchTableViewCell.swift */,
			);
			path = Cell;
			sourceTree = "<group>";
		};
		109C21752BA8AA340087FDBE = {
			isa = PBXGroup;
			children = (
				109C21802BA8AA340087FDBE /* MealApp */,
				109C217F2BA8AA340087FDBE /* Products */,
			);
			sourceTree = "<group>";
		};
		109C217F2BA8AA340087FDBE /* Products */ = {
			isa = PBXGroup;
			children = (
				109C217E2BA8AA340087FDBE /* MealApp.app */,
			);
			name = Products;
			sourceTree = "<group>";
		};
		109C21802BA8AA340087FDBE /* MealApp */ = {
			isa = PBXGroup;
			children = (
				109757CB2BB82E7300F3C5D1 /* Favorite */,
				10988E682BAC985800556F5F /* Details */,
				109C219B2BA8AFA30087FDBE /* SearchView */,
				109C21982BA8AD8E0087FDBE /* Services */,
				109C21952BA8AA840087FDBE /* Model */,
				109C21812BA8AA340087FDBE /* AppDelegate.swift */,
				109C21832BA8AA340087FDBE /* SceneDelegate.swift */,
				109C21872BA8AA340087FDBE /* Main.storyboard */,
				109C218A2BA8AA370087FDBE /* Assets.xcassets */,
				109C218C2BA8AA370087FDBE /* LaunchScreen.storyboard */,
				109C218F2BA8AA370087FDBE /* Info.plist */,
			);
			path = MealApp;
			sourceTree = "<group>";
		};
		109C21952BA8AA840087FDBE /* Model */ = {
			isa = PBXGroup;
			children = (
				109C21962BA8AA9E0087FDBE /* Model.swift */,
			);
			path = Model;
			sourceTree = "<group>";
		};
		109C21982BA8AD8E0087FDBE /* Services */ = {
			isa = PBXGroup;
			children = (
				109C21992BA8ADAA0087FDBE /* WebService.swift */,
				109C219E2BA8B8C70087FDBE /* ImageDownload.swift */,
			);
			path = Services;
			sourceTree = "<group>";
		};
		109C219B2BA8AFA30087FDBE /* SearchView */ = {
			isa = PBXGroup;
			children = (
				109C21852BA8AA340087FDBE /* SearchViewController.swift */,
				109C219C2BA8AFB50087FDBE /* SearchViewModel.swift */,
				109A91CC2BAA26920041303C /* Cell */,
			);
			path = SearchView;
			sourceTree = "<group>";
		};
		10F7F7912BB83F8300C395B8 /* Cells */ = {
			isa = PBXGroup;
			children = (
				10F7F7922BB83FC400C395B8 /* FavoriteCollectionViewCell.swift */,
				10F7F7932BB83FC400C395B8 /* FavoriteCollectionViewCell.xib */,
			);
			path = Cells;
			sourceTree = "<group>";
		};
/* End PBXGroup section */

/* Begin PBXNativeTarget section */
		109C217D2BA8AA340087FDBE /* MealApp */ = {
			isa = PBXNativeTarget;
			buildConfigurationList = 109C21922BA8AA370087FDBE /* Build configuration list for PBXNativeTarget "MealApp" */;
			buildPhases = (
				109C217A2BA8AA340087FDBE /* Sources */,
				109C217B2BA8AA340087FDBE /* Frameworks */,
				109C217C2BA8AA340087FDBE /* Resources */,
			);
			buildRules = (
			);
			dependencies = (
			);
			name = MealApp;
			packageProductDependencies = (
				109C21A12BA8BB350087FDBE /* Kingfisher */,
				1094A17F2BB0AC1400C6A160 /* YouTubeiOSPlayerHelper */,
			);
			productName = MealApp;
			productReference = 109C217E2BA8AA340087FDBE /* MealApp.app */;
			productType = "com.apple.product-type.application";
		};
/* End PBXNativeTarget section */

/* Begin PBXProject section */
		109C21762BA8AA340087FDBE /* Project object */ = {
			isa = PBXProject;
			attributes = {
				BuildIndependentTargetsInParallel = 1;
				LastSwiftUpdateCheck = 1420;
				LastUpgradeCheck = 1420;
				TargetAttributes = {
					109C217D2BA8AA340087FDBE = {
						CreatedOnToolsVersion = 14.2;
					};
				};
			};
			buildConfigurationList = 109C21792BA8AA340087FDBE /* Build configuration list for PBXProject "MealApp" */;
			compatibilityVersion = "Xcode 14.0";
			developmentRegion = en;
			hasScannedForEncodings = 0;
			knownRegions = (
				en,
				Base,
			);
			mainGroup = 109C21752BA8AA340087FDBE;
			packageReferences = (
				109C21A02BA8BB350087FDBE /* XCRemoteSwiftPackageReference "Kingfisher" */,
				1094A17E2BB0AC1400C6A160 /* XCRemoteSwiftPackageReference "youtube-ios-player-helper" */,
			);
			productRefGroup = 109C217F2BA8AA340087FDBE /* Products */;
			projectDirPath = "";
			projectRoot = "";
			targets = (
				109C217D2BA8AA340087FDBE /* MealApp */,
			);
		};
/* End PBXProject section */

/* Begin PBXResourcesBuildPhase section */
		109C217C2BA8AA340087FDBE /* Resources */ = {
			isa = PBXResourcesBuildPhase;
			buildActionMask = 2147483647;
			files = (
				109C218E2BA8AA370087FDBE /* LaunchScreen.storyboard in Resources */,
				109C218B2BA8AA370087FDBE /* Assets.xcassets in Resources */,
				109C21892BA8AA340087FDBE /* Main.storyboard in Resources */,
				109A91CB2BAA0D2B0041303C /* SearchTableViewCell.xib in Resources */,
				10F7F7952BB83FC400C395B8 /* FavoriteCollectionViewCell.xib in Resources */,
			);
			runOnlyForDeploymentPostprocessing = 0;
		};
/* End PBXResourcesBuildPhase section */

/* Begin PBXSourcesBuildPhase section */
		109C217A2BA8AA340087FDBE /* Sources */ = {
			isa = PBXSourcesBuildPhase;
			buildActionMask = 2147483647;
			files = (
				10F7F7942BB83FC400C395B8 /* FavoriteCollectionViewCell.swift in Sources */,
				109A91CA2BAA0D2B0041303C /* SearchTableViewCell.swift in Sources */,
				10F7F7972BB840C500C395B8 /* FavoriteViewController.swift in Sources */,
				109C21862BA8AA340087FDBE /* SearchViewController.swift in Sources */,
				10988E6A2BAC9A4A00556F5F /* DetailsViewController.swift in Sources */,
				109C21822BA8AA340087FDBE /* AppDelegate.swift in Sources */,
				109C21842BA8AA340087FDBE /* SceneDelegate.swift in Sources */,
				109757CD2BB82EC500F3C5D1 /* FavoriteManager.swift in Sources */,
				109757CF2BB831B200F3C5D1 /* FavoriteViewModel.swift in Sources */,
				109C219F2BA8B8C70087FDBE /* ImageDownload.swift in Sources */,
				10988E702BAC9DD900556F5F /* DetailsViewModel.swift in Sources */,
				109C219A2BA8ADAA0087FDBE /* WebService.swift in Sources */,
				109C219D2BA8AFB50087FDBE /* SearchViewModel.swift in Sources */,
				109C21972BA8AA9E0087FDBE /* Model.swift in Sources */,
			);
			runOnlyForDeploymentPostprocessing = 0;
		};
/* End PBXSourcesBuildPhase section */

/* Begin PBXVariantGroup section */
		109C21872BA8AA340087FDBE /* Main.storyboard */ = {
			isa = PBXVariantGroup;
			children = (
				109C21882BA8AA340087FDBE /* Base */,
			);
			name = Main.storyboard;
			sourceTree = "<group>";
		};
		109C218C2BA8AA370087FDBE /* LaunchScreen.storyboard */ = {
			isa = PBXVariantGroup;
			children = (
				109C218D2BA8AA370087FDBE /* Base */,
			);
			name = LaunchScreen.storyboard;
			sourceTree = "<group>";
		};
/* End PBXVariantGroup section */

/* Begin XCBuildConfiguration section */
		109C21902BA8AA370087FDBE /* Debug */ = {
			isa = XCBuildConfiguration;
			buildSettings = {
				ALWAYS_SEARCH_USER_PATHS = NO;
				CLANG_ANALYZER_NONNULL = YES;
				CLANG_ANALYZER_NUMBER_OBJECT_CONVERSION = YES_AGGRESSIVE;
				CLANG_CXX_LANGUAGE_STANDARD = "gnu++20";
				CLANG_ENABLE_MODULES = YES;
				CLANG_ENABLE_OBJC_ARC = YES;
				CLANG_ENABLE_OBJC_WEAK = YES;
				CLANG_WARN_BLOCK_CAPTURE_AUTORELEASING = YES;
				CLANG_WARN_BOOL_CONVERSION = YES;
				CLANG_WARN_COMMA = YES;
				CLANG_WARN_CONSTANT_CONVERSION = YES;
				CLANG_WARN_DEPRECATED_OBJC_IMPLEMENTATIONS = YES;
				CLANG_WARN_DIRECT_OBJC_ISA_USAGE = YES_ERROR;
				CLANG_WARN_DOCUMENTATION_COMMENTS = YES;
				CLANG_WARN_EMPTY_BODY = YES;
				CLANG_WARN_ENUM_CONVERSION = YES;
				CLANG_WARN_INFINITE_RECURSION = YES;
				CLANG_WARN_INT_CONVERSION = YES;
				CLANG_WARN_NON_LITERAL_NULL_CONVERSION = YES;
				CLANG_WARN_OBJC_IMPLICIT_RETAIN_SELF = YES;
				CLANG_WARN_OBJC_LITERAL_CONVERSION = YES;
				CLANG_WARN_OBJC_ROOT_CLASS = YES_ERROR;
				CLANG_WARN_QUOTED_INCLUDE_IN_FRAMEWORK_HEADER = YES;
				CLANG_WARN_RANGE_LOOP_ANALYSIS = YES;
				CLANG_WARN_STRICT_PROTOTYPES = YES;
				CLANG_WARN_SUSPICIOUS_MOVE = YES;
				CLANG_WARN_UNGUARDED_AVAILABILITY = YES_AGGRESSIVE;
				CLANG_WARN_UNREACHABLE_CODE = YES;
				CLANG_WARN__DUPLICATE_METHOD_MATCH = YES;
				COPY_PHASE_STRIP = NO;
				DEBUG_INFORMATION_FORMAT = dwarf;
				ENABLE_STRICT_OBJC_MSGSEND = YES;
				ENABLE_TESTABILITY = YES;
				GCC_C_LANGUAGE_STANDARD = gnu11;
				GCC_DYNAMIC_NO_PIC = NO;
				GCC_NO_COMMON_BLOCKS = YES;
				GCC_OPTIMIZATION_LEVEL = 0;
				GCC_PREPROCESSOR_DEFINITIONS = (
					"DEBUG=1",
					"$(inherited)",
				);
				GCC_WARN_64_TO_32_BIT_CONVERSION = YES;
				GCC_WARN_ABOUT_RETURN_TYPE = YES_ERROR;
				GCC_WARN_UNDECLARED_SELECTOR = YES;
				GCC_WARN_UNINITIALIZED_AUTOS = YES_AGGRESSIVE;
				GCC_WARN_UNUSED_FUNCTION = YES;
				GCC_WARN_UNUSED_VARIABLE = YES;
				IPHONEOS_DEPLOYMENT_TARGET = 16.2;
				MTL_ENABLE_DEBUG_INFO = INCLUDE_SOURCE;
				MTL_FAST_MATH = YES;
				ONLY_ACTIVE_ARCH = YES;
				SDKROOT = iphoneos;
				SWIFT_ACTIVE_COMPILATION_CONDITIONS = DEBUG;
				SWIFT_OPTIMIZATION_LEVEL = "-Onone";
			};
			name = Debug;
		};
		109C21912BA8AA370087FDBE /* Release */ = {
			isa = XCBuildConfiguration;
			buildSettings = {
				ALWAYS_SEARCH_USER_PATHS = NO;
				CLANG_ANALYZER_NONNULL = YES;
				CLANG_ANALYZER_NUMBER_OBJECT_CONVERSION = YES_AGGRESSIVE;
				CLANG_CXX_LANGUAGE_STANDARD = "gnu++20";
				CLANG_ENABLE_MODULES = YES;
				CLANG_ENABLE_OBJC_ARC = YES;
				CLANG_ENABLE_OBJC_WEAK = YES;
				CLANG_WARN_BLOCK_CAPTURE_AUTORELEASING = YES;
				CLANG_WARN_BOOL_CONVERSION = YES;
				CLANG_WARN_COMMA = YES;
				CLANG_WARN_CONSTANT_CONVERSION = YES;
				CLANG_WARN_DEPRECATED_OBJC_IMPLEMENTATIONS = YES;
				CLANG_WARN_DIRECT_OBJC_ISA_USAGE = YES_ERROR;
				CLANG_WARN_DOCUMENTATION_COMMENTS = YES;
				CLANG_WARN_EMPTY_BODY = YES;
				CLANG_WARN_ENUM_CONVERSION = YES;
				CLANG_WARN_INFINITE_RECURSION = YES;
				CLANG_WARN_INT_CONVERSION = YES;
				CLANG_WARN_NON_LITERAL_NULL_CONVERSION = YES;
				CLANG_WARN_OBJC_IMPLICIT_RETAIN_SELF = YES;
				CLANG_WARN_OBJC_LITERAL_CONVERSION = YES;
				CLANG_WARN_OBJC_ROOT_CLASS = YES_ERROR;
				CLANG_WARN_QUOTED_INCLUDE_IN_FRAMEWORK_HEADER = YES;
				CLANG_WARN_RANGE_LOOP_ANALYSIS = YES;
				CLANG_WARN_STRICT_PROTOTYPES = YES;
				CLANG_WARN_SUSPICIOUS_MOVE = YES;
				CLANG_WARN_UNGUARDED_AVAILABILITY = YES_AGGRESSIVE;
				CLANG_WARN_UNREACHABLE_CODE = YES;
				CLANG_WARN__DUPLICATE_METHOD_MATCH = YES;
				COPY_PHASE_STRIP = NO;
				DEBUG_INFORMATION_FORMAT = "dwarf-with-dsym";
				ENABLE_NS_ASSERTIONS = NO;
				ENABLE_STRICT_OBJC_MSGSEND = YES;
				GCC_C_LANGUAGE_STANDARD = gnu11;
				GCC_NO_COMMON_BLOCKS = YES;
				GCC_WARN_64_TO_32_BIT_CONVERSION = YES;
				GCC_WARN_ABOUT_RETURN_TYPE = YES_ERROR;
				GCC_WARN_UNDECLARED_SELECTOR = YES;
				GCC_WARN_UNINITIALIZED_AUTOS = YES_AGGRESSIVE;
				GCC_WARN_UNUSED_FUNCTION = YES;
				GCC_WARN_UNUSED_VARIABLE = YES;
				IPHONEOS_DEPLOYMENT_TARGET = 16.2;
				MTL_ENABLE_DEBUG_INFO = NO;
				MTL_FAST_MATH = YES;
				SDKROOT = iphoneos;
				SWIFT_COMPILATION_MODE = wholemodule;
				SWIFT_OPTIMIZATION_LEVEL = "-O";
				VALIDATE_PRODUCT = YES;
			};
			name = Release;
		};
		109C21932BA8AA370087FDBE /* Debug */ = {
			isa = XCBuildConfiguration;
			buildSettings = {
				ASSETCATALOG_COMPILER_APPICON_NAME = AppIcon;
				ASSETCATALOG_COMPILER_GLOBAL_ACCENT_COLOR_NAME = AccentColor;
				CODE_SIGN_STYLE = Automatic;
				CURRENT_PROJECT_VERSION = 1;
				DEVELOPMENT_TEAM = 734NWAB3PT;
				GENERATE_INFOPLIST_FILE = YES;
				INFOPLIST_FILE = MealApp/Info.plist;
				INFOPLIST_KEY_UIApplicationSupportsIndirectInputEvents = YES;
				INFOPLIST_KEY_UILaunchStoryboardName = LaunchScreen;
				INFOPLIST_KEY_UIMainStoryboardFile = Main;
				INFOPLIST_KEY_UISupportedInterfaceOrientations_iPad = "UIInterfaceOrientationPortrait UIInterfaceOrientationPortraitUpsideDown UIInterfaceOrientationLandscapeLeft UIInterfaceOrientationLandscapeRight";
				INFOPLIST_KEY_UISupportedInterfaceOrientations_iPhone = "UIInterfaceOrientationPortrait UIInterfaceOrientationLandscapeLeft UIInterfaceOrientationLandscapeRight";
				LD_RUNPATH_SEARCH_PATHS = (
					"$(inherited)",
					"@executable_path/Frameworks",
				);
				MARKETING_VERSION = 1.0;
				PRODUCT_BUNDLE_IDENTIFIER = com.mehmetoksuz.MealApp;
				PRODUCT_NAME = "$(TARGET_NAME)";
				SWIFT_EMIT_LOC_STRINGS = YES;
				SWIFT_VERSION = 5.0;
				TARGETED_DEVICE_FAMILY = "1,2";
			};
			name = Debug;
		};
		109C21942BA8AA370087FDBE /* Release */ = {
			isa = XCBuildConfiguration;
			buildSettings = {
				ASSETCATALOG_COMPILER_APPICON_NAME = AppIcon;
				ASSETCATALOG_COMPILER_GLOBAL_ACCENT_COLOR_NAME = AccentColor;
				CODE_SIGN_STYLE = Automatic;
				CURRENT_PROJECT_VERSION = 1;
				DEVELOPMENT_TEAM = 734NWAB3PT;
				GENERATE_INFOPLIST_FILE = YES;
				INFOPLIST_FILE = MealApp/Info.plist;
				INFOPLIST_KEY_UIApplicationSupportsIndirectInputEvents = YES;
				INFOPLIST_KEY_UILaunchStoryboardName = LaunchScreen;
				INFOPLIST_KEY_UIMainStoryboardFile = Main;
				INFOPLIST_KEY_UISupportedInterfaceOrientations_iPad = "UIInterfaceOrientationPortrait UIInterfaceOrientationPortraitUpsideDown UIInterfaceOrientationLandscapeLeft UIInterfaceOrientationLandscapeRight";
				INFOPLIST_KEY_UISupportedInterfaceOrientations_iPhone = "UIInterfaceOrientationPortrait UIInterfaceOrientationLandscapeLeft UIInterfaceOrientationLandscapeRight";
				LD_RUNPATH_SEARCH_PATHS = (
					"$(inherited)",
					"@executable_path/Frameworks",
				);
				MARKETING_VERSION = 1.0;
				PRODUCT_BUNDLE_IDENTIFIER = com.mehmetoksuz.MealApp;
				PRODUCT_NAME = "$(TARGET_NAME)";
				SWIFT_EMIT_LOC_STRINGS = YES;
				SWIFT_VERSION = 5.0;
				TARGETED_DEVICE_FAMILY = "1,2";
			};
			name = Release;
		};
/* End XCBuildConfiguration section */

/* Begin XCConfigurationList section */
		109C21792BA8AA340087FDBE /* Build configuration list for PBXProject "MealApp" */ = {
			isa = XCConfigurationList;
			buildConfigurations = (
				109C21902BA8AA370087FDBE /* Debug */,
				109C21912BA8AA370087FDBE /* Release */,
			);
			defaultConfigurationIsVisible = 0;
			defaultConfigurationName = Release;
		};
		109C21922BA8AA370087FDBE /* Build configuration list for PBXNativeTarget "MealApp" */ = {
			isa = XCConfigurationList;
			buildConfigurations = (
				109C21932BA8AA370087FDBE /* Debug */,
				109C21942BA8AA370087FDBE /* Release */,
			);
			defaultConfigurationIsVisible = 0;
			defaultConfigurationName = Release;
		};
/* End XCConfigurationList section */

/* Begin XCRemoteSwiftPackageReference section */
		1094A17E2BB0AC1400C6A160 /* XCRemoteSwiftPackageReference "youtube-ios-player-helper" */ = {
			isa = XCRemoteSwiftPackageReference;
			repositoryURL = "https://github.com/youtube/youtube-ios-player-helper.git";
			requirement = {
				kind = upToNextMajorVersion;
				minimumVersion = 1.0.0;
			};
		};
		109C21A02BA8BB350087FDBE /* XCRemoteSwiftPackageReference "Kingfisher" */ = {
			isa = XCRemoteSwiftPackageReference;
			repositoryURL = "https://github.com/onevcat/Kingfisher.git";
			requirement = {
				branch = master;
				kind = branch;
			};
		};
/* End XCRemoteSwiftPackageReference section */

/* Begin XCSwiftPackageProductDependency section */
		1094A17F2BB0AC1400C6A160 /* YouTubeiOSPlayerHelper */ = {
			isa = XCSwiftPackageProductDependency;
			package = 1094A17E2BB0AC1400C6A160 /* XCRemoteSwiftPackageReference "youtube-ios-player-helper" */;
			productName = YouTubeiOSPlayerHelper;
		};
		109C21A12BA8BB350087FDBE /* Kingfisher */ = {
			isa = XCSwiftPackageProductDependency;
			package = 109C21A02BA8BB350087FDBE /* XCRemoteSwiftPackageReference "Kingfisher" */;
			productName = Kingfisher;
		};
/* End XCSwiftPackageProductDependency section */
	};
	rootObject = 109C21762BA8AA340087FDBE /* Project object */;
}
